{
  "name": "wangyue-uniapp",
  "version": "1.0.0",
  "lockfileVersion": 1,
  "requires": true,
  "dependencies": {
    "@antfu/utils": {
      "version": "0.7.10",
      "resolved": "https://registry.npmjs.org/@antfu/utils/-/utils-0.7.10.tgz",
      "integrity": "sha512-+562v9k4aI80m1+VuMHehNJWLOFjBnXn3tdOitzD0il5b7smkSBal4+a3oKiQTbrwMmN/TBUMDvbdoWDehgOww==",
      "dev": true
    },
    "@jridgewell/sourcemap-codec": {
      "version": "1.5.0",
      "resolved": "https://registry.npmjs.org/@jridgewell/sourcemap-codec/-/sourcemap-codec-1.5.0.tgz",
      "integrity": "sha512-gv3ZRaISU3fjPAgNsriBRqGWQL6quFx04YMPW/zD8XMLsU32mhCCbfbO6KZFLjvYpCZ8zyDEgqsgf+PwPaM7GQ==",
      "dev": true
    },
    "@nodelib/fs.scandir": {
      "version": "2.1.5",
      "resolved": "https://registry.npmjs.org/@nodelib/fs.scandir/-/fs.scandir-2.1.5.tgz",
      "integrity": "sha512-vq24Bq3ym5HEQm2NKCr3yXDwjc7vTsEThRDnkp2DK9p1uqLR+DHurm/NOTo0KG7HYHU7eppKZj3MyqYuMBf62g==",
      "dev": true,
      "requires": {
        "@nodelib/fs.stat": "2.0.5",
        "run-parallel": "^1.1.9"
      }
    },
    "@nodelib/fs.stat": {
      "version": "2.0.5",
      "resolved": "https://registry.npmjs.org/@nodelib/fs.stat/-/fs.stat-2.0.5.tgz",
      "integrity": "sha512-RkhPPp2zrqDAQA/2jNhnztcPAlv64XdhIp7a7454A5ovI7Bukxgt7MX7udwAu3zg1DcpPU0rz3VV1SeaqvY4+A==",
      "dev": true
    },
    "@nodelib/fs.walk": {
      "version": "1.2.8",
      "resolved": "https://registry.npmjs.org/@nodelib/fs.walk/-/fs.walk-1.2.8.tgz",
      "integrity": "sha512-oGB+UxlgWcgQkgwo8GcEGwemoTFt3FIO9ababBmaGwXIoBKZ+GTy0pP185beGg7Llih/NSHSV2XAs1lnznocSg==",
      "dev": true,
      "requires": {
        "@nodelib/fs.scandir": "2.1.5",
        "fastq": "^1.6.0"
      }
    },
    "@rollup/pluginutils": {
      "version": "5.1.0",
      "resolved": "https://registry.npmjs.org/@rollup/pluginutils/-/pluginutils-5.1.0.tgz",
      "integrity": "sha512-XTIWOPPcpvyKI6L1NHo0lFlCyznUEyPmPY1mc3KpPVDYulHSTvyeLNVW00QTLIAFNhR3kYnJTQHeGqU4M3n09g==",
      "dev": true,
      "requires": {
        "@types/estree": "^1.0.0",
        "estree-walker": "^2.0.2",
        "picomatch": "^2.3.1"
      }
    },
    "@types/estree": {
      "version": "1.0.6",
      "resolved": "https://registry.npmjs.org/@types/estree/-/estree-1.0.6.tgz",
      "integrity": "sha512-AYnb1nQyY49te+VRAVgmzfcgjYS91mY5P0TKUDCLEM+gNnA+3T6rWITXRLYCpahpqSQbN5cE+gHpnPyXjHWxcw==",
      "dev": true
    },
    "@vant/popperjs": {
      "version": "1.3.0",
      "resolved": "https://registry.npmjs.org/@vant/popperjs/-/popperjs-1.3.0.tgz",
      "integrity": "sha512-hB+czUG+aHtjhaEmCJDuXOep0YTZjdlRR+4MSmIFnkCQIxJaXLQdSsR90XWvAI2yvKUI7TCGqR8pQg2RtvkMHw=="
    },
    "@vant/use": {
      "version": "1.6.0",
      "resolved": "https://registry.npmjs.org/@vant/use/-/use-1.6.0.tgz",
      "integrity": "sha512-PHHxeAASgiOpSmMjceweIrv2AxDZIkWXyaczksMoWvKV2YAYEhoizRuk/xFnKF+emUIi46TsQ+rvlm/t2BBCfA=="
    },
    "@vant/weapp": {
      "version": "1.11.6",
      "resolved": "https://registry.npmjs.org/@vant/weapp/-/weapp-1.11.6.tgz",
      "integrity": "sha512-a3heReWYT2gNdsyj6x1hBwsM8V8NrjcPAmle86NH2CD2V/i/h0le75piW6KntSfOPCwekVWMBKhysNrBpJeKdw=="
    },
    "@vue/shared": {
      "version": "3.5.6",
      "resolved": "https://registry.npmjs.org/@vue/shared/-/shared-3.5.6.tgz",
      "integrity": "sha512-eidH0HInnL39z6wAt6SFIwBrvGOpDWsDxlw3rCgo1B+CQ1781WzQUSU3YjxgdkcJo9Q8S6LmXTkvI+cLHGkQfA=="
    },
    "acorn": {
      "version": "8.12.1",
      "resolved": "https://registry.npmjs.org/acorn/-/acorn-8.12.1.tgz",
      "integrity": "sha512-tcpGyI9zbizT9JbV6oYE477V6mTlXvvi0T0G3SNIYE2apm/G5huBa1+K89VGeovbg+jycCrfhl3ADxErOuO6Jg==",
      "dev": true
    },
    "balanced-match": {
      "version": "1.0.2",
      "resolved": "https://registry.npmjs.org/balanced-match/-/balanced-match-1.0.2.tgz",
      "integrity": "sha512-3oSeUO0TMV67hN1AmbXsK4yaqU7tjiHlbxRDZOpH0KW9+CeX4bRAaX0Anxt0tx2MrpRpWwQaPwIlISEJhYU5Pw==",
      "dev": true
    },
    "brace-expansion": {
      "version": "2.0.1",
      "resolved": "https://registry.npmjs.org/brace-expansion/-/brace-expansion-2.0.1.tgz",
      "integrity": "sha512-XnAIvQ8eM+kC6aULx6wuQiwVsnzsi9d3WxzV3FpWTGA19F621kwdbsAcFKXgKUHZWsy+mY6iL1sHTxWEFCytDA==",
      "dev": true,
      "requires": {
        "balanced-match": "^1.0.0"
      }
    },
    "braces": {
      "version": "3.0.3",
      "resolved": "https://registry.npmjs.org/braces/-/braces-3.0.3.tgz",
      "integrity": "sha512-yQbXgO/OSZVD2IsiLlro+7Hf6Q18EJrKSEsdoMzKePKXct3gvD8oLcOQdIzGupr5Fj+EDe8gO/lxc1BzfMpxvA==",
      "dev": true,
      "requires": {
        "fill-range": "^7.1.1"
      }
    },
    "clipboard": {
      "version": "2.0.11",
      "resolved": "https://registry.npmjs.org/clipboard/-/clipboard-2.0.11.tgz",
      "integrity": "sha512-C+0bbOqkezLIsmWSvlsXS0Q0bmkugu7jcfMIACB+RDEntIzQIkdr148we28AfSloQLRdZlYL/QYyrq05j/3Faw==",
      "requires": {
        "good-listener": "^1.2.2",
        "select": "^1.1.2",
        "tiny-emitter": "^2.0.0"
      }
    },
    "commander": {
      "version": "1.1.1",
      "resolved": "https://registry.npmjs.org/commander/-/commander-1.1.1.tgz",
      "integrity": "sha512-71Rod2AhcH3JhkBikVpNd0pA+fWsmAaVoti6OR38T76chA7vE3pSerS0Jor4wDw+tOueD2zLVvFOw5H0Rcj7rA==",
      "requires": {
        "keypress": "0.1.x"
      }
    },
    "confbox": {
      "version": "0.1.7",
      "resolved": "https://registry.npmjs.org/confbox/-/confbox-0.1.7.tgz",
      "integrity": "sha512-uJcB/FKZtBMCJpK8MQji6bJHgu1tixKPxRLeGkNzBoOZzpnZUJm0jm2/sBDWcuBx1dYgxV4JU+g5hmNxCyAmdA==",
      "dev": true
    },
    "delegate": {
      "version": "3.2.0",
      "resolved": "https://registry.npmjs.org/delegate/-/delegate-3.2.0.tgz",
      "integrity": "sha512-IofjkYBZaZivn0V8nnsMJGBr4jVLxHDheKSW88PyxS5QC4Vo9ZbZVvhzlSxY87fVq3STR6r+4cGepyHkcWOQSw=="
    },
    "escape-string-regexp": {
      "version": "5.0.0",
      "resolved": "https://registry.npmjs.org/escape-string-regexp/-/escape-string-regexp-5.0.0.tgz",
      "integrity": "sha512-/veY75JbMK4j1yjvuUxuVsiS/hr/4iHs9FTT6cgTexxdE0Ly/glccBAkloH/DofkjRbZU3bnoj38mOmhkZ0lHw==",
      "dev": true
    },
    "estree-walker": {
      "version": "2.0.2",
      "resolved": "https://registry.npmjs.org/estree-walker/-/estree-walker-2.0.2.tgz",
      "integrity": "sha512-Rfkk/Mp/DL7JVje3u18FxFujQlTNR2q6QfMSMB7AvCBx91NGj/ba3kCfza0f6dVDbw7YlRf/nDrn7pQrCCyQ/w==",
      "dev": true
    },
    "fast-glob": {
      "version": "3.3.2",
      "resolved": "https://registry.npmjs.org/fast-glob/-/fast-glob-3.3.2.tgz",
      "integrity": "sha512-oX2ruAFQwf/Orj8m737Y5adxDQO0LAB7/S5MnxCdTNDd4p6BsyIVsv9JQsATbTSq8KHRpLwIHbVlUNatxd+1Ow==",
      "dev": true,
      "requires": {
        "@nodelib/fs.stat": "^2.0.2",
        "@nodelib/fs.walk": "^1.2.3",
        "glob-parent": "^5.1.2",
        "merge2": "^1.3.0",
        "micromatch": "^4.0.4"
      }
    },
    "fastq": {
      "version": "1.17.1",
      "resolved": "https://registry.npmjs.org/fastq/-/fastq-1.17.1.tgz",
      "integrity": "sha512-sRVD3lWVIXWg6By68ZN7vho9a1pQcN/WBFaAAsDDFzlJjvoGx0P8z7V1t72grFJfJhu3YPZBuu25f7Kaw2jN1w==",
      "dev": true,
      "requires": {
        "reusify": "^1.0.4"
      }
    },
    "fill-range": {
      "version": "7.1.1",
      "resolved": "https://registry.npmjs.org/fill-range/-/fill-range-7.1.1.tgz",
      "integrity": "sha512-YsGpe3WHLK8ZYi4tWDg2Jy3ebRz2rXowDxnld4bkQB00cc/1Zw9AWnC0i9ztDJitivtQvaI9KaLyKrc+hBW0yg==",
      "dev": true,
      "requires": {
        "to-regex-range": "^5.0.1"
      }
    },
    "glob-parent": {
      "version": "5.1.2",
      "resolved": "https://registry.npmjs.org/glob-parent/-/glob-parent-5.1.2.tgz",
      "integrity": "sha512-AOIgSQCepiJYwP3ARnGx+5VnTu2HBYdzbGP45eLw1vr3zB3vZLeyed1sC9hnbcOc9/SrMyM5RPQrkGz4aS9Zow==",
      "dev": true,
      "requires": {
        "is-glob": "^4.0.1"
      }
    },
    "good-listener": {
      "version": "1.2.2",
      "resolved": "https://registry.npmjs.org/good-listener/-/good-listener-1.2.2.tgz",
      "integrity": "sha512-goW1b+d9q/HIwbVYZzZ6SsTr4IgE+WA44A0GmPIQstuOrgsFcT7VEJ48nmr9GaRtNu0XTKacFLGnBPAM6Afouw==",
      "requires": {
        "delegate": "^3.1.2"
      }
    },
    "is-extglob": {
      "version": "2.1.1",
      "resolved": "https://registry.npmjs.org/is-extglob/-/is-extglob-2.1.1.tgz",
      "integrity": "sha512-SbKbANkN603Vi4jEZv49LeVJMn4yGwsbzZworEoyEiutsN3nJYdbO36zfhGJ6QEDpOZIFkDtnq5JRxmvl3jsoQ==",
      "dev": true
    },
    "is-glob": {
      "version": "4.0.3",
      "resolved": "https://registry.npmjs.org/is-glob/-/is-glob-4.0.3.tgz",
      "integrity": "sha512-xelSayHH36ZgE7ZWhli7pW34hNbNl8Ojv5KVmkJD4hBdD3th8Tfk9vYasLM+mXWOZhFkgZfxhLSnrwRr4elSSg==",
      "dev": true,
      "requires": {
        "is-extglob": "^2.1.1"
      }
    },
    "is-number": {
      "version": "7.0.0",
      "resolved": "https://registry.npmjs.org/is-number/-/is-number-7.0.0.tgz",
      "integrity": "sha512-41Cifkg6e8TylSpdtTpeLVMqvSBEVzTttHvERD741+pnZ8ANv0004MRL43QKPDlK9cGvNp6NZWZUBlbGXYxxng==",
      "dev": true
    },
    "js-md5": {
      "version": "0.8.3",
      "resolved": "https://registry.npmjs.org/js-md5/-/js-md5-0.8.3.tgz",
      "integrity": "sha512-qR0HB5uP6wCuRMrWPTrkMaev7MJZwJuuw4fnwAzRgP4J4/F8RwtodOKpGp4XpqsLBFzzgqIO42efFAyz2Et6KQ=="
    },
    "js-tokens": {
      "version": "9.0.0",
      "resolved": "https://registry.npmjs.org/js-tokens/-/js-tokens-9.0.0.tgz",
      "integrity": "sha512-WriZw1luRMlmV3LGJaR6QOJjWwgLUTf89OwT2lUOyjX2dJGBwgmIkbcz+7WFZjrZM635JOIR517++e/67CP9dQ==",
      "dev": true
    },
    "jsbn": {
      "version": "1.1.0",
      "resolved": "https://registry.npmjs.org/jsbn/-/jsbn-1.1.0.tgz",
      "integrity": "sha512-4bYVV3aAMtDTTu4+xsDYa6sy9GyJ69/amsu9sYF2zqjiEoZA5xJi3BrfX3uY+/IekIu7MwdObdbDWpoZdBv3/A=="
    },
    "keypress": {
      "version": "0.1.0",
      "resolved": "https://registry.npmjs.org/keypress/-/keypress-0.1.0.tgz",
      "integrity": "sha512-x0yf9PL/nx9Nw9oLL8ZVErFAk85/lslwEP7Vz7s5SI1ODXZIgit3C5qyWjw4DxOuO/3Hb4866SQh28a1V1d+WA=="
    },
    "local-pkg": {
      "version": "0.5.0",
      "resolved": "https://registry.npmjs.org/local-pkg/-/local-pkg-0.5.0.tgz",
      "integrity": "sha512-ok6z3qlYyCDS4ZEU27HaU6x/xZa9Whf8jD4ptH5UZTQYZVYeb9bnZ3ojVhiJNLiXK1Hfc0GNbLXcmZ5plLDDBg==",
      "dev": true,
      "requires": {
        "mlly": "^1.4.2",
        "pkg-types": "^1.0.3"
      }
    },
    "magic-string": {
      "version": "0.30.11",
      "resolved": "https://registry.npmjs.org/magic-string/-/magic-string-0.30.11.tgz",
      "integrity": "sha512-+Wri9p0QHMy+545hKww7YAu5NyzF8iomPL/RQazugQ9+Ez4Ic3mERMd8ZTX5rfK944j+560ZJi8iAwgak1Ac7A==",
      "dev": true,
      "requires": {
        "@jridgewell/sourcemap-codec": "^1.5.0"
      }
    },
    "merge2": {
      "version": "1.4.1",
      "resolved": "https://registry.npmjs.org/merge2/-/merge2-1.4.1.tgz",
      "integrity": "sha512-8q7VEgMJW4J8tcfVPy8g09NcQwZdbwFEqhe/WZkoIzjn/3TGDwtOCYtXGxA3O8tPzpczCCDgv+P2P5y00ZJOOg==",
      "dev": true
    },
    "micromatch": {
      "version": "4.0.8",
      "resolved": "https://registry.npmjs.org/micromatch/-/micromatch-4.0.8.tgz",
      "integrity": "sha512-PXwfBhYu0hBCPw8Dn0E+WDYb7af3dSLVWKi3HGv84IdF4TyFoC0ysxFd0Goxw7nSv4T/PzEJQxsYsEiFCKo2BA==",
      "dev": true,
      "requires": {
        "braces": "^3.0.3",
        "picomatch": "^2.3.1"
      }
    },
    "minimatch": {
      "version": "9.0.5",
      "resolved": "https://registry.npmjs.org/minimatch/-/minimatch-9.0.5.tgz",
      "integrity": "sha512-G6T0ZX48xgozx7587koeX9Ys2NYy6Gmv//P89sEte9V9whIapMNF4idKxnW2QtCcLiTWlb/wfCabAtAFWhhBow==",
      "dev": true,
      "requires": {
        "brace-expansion": "^2.0.1"
      }
    },
    "mlly": {
      "version": "1.7.1",
      "resolved": "https://registry.npmjs.org/mlly/-/mlly-1.7.1.tgz",
      "integrity": "sha512-rrVRZRELyQzrIUAVMHxP97kv+G786pHmOKzuFII8zDYahFBS7qnHh2AlYSl1GAHhaMPCz6/oHjVMcfFYgFYHgA==",
      "dev": true,
      "requires": {
        "acorn": "^8.11.3",
        "pathe": "^1.1.2",
        "pkg-types": "^1.1.1",
        "ufo": "^1.5.3"
      }
    },
    "ometa": {
      "version": "0.2.2",
      "resolved": "https://registry.npmjs.org/ometa/-/ometa-0.2.2.tgz",
      "integrity": "sha512-LZuoK/yjU3FvrxPjUXUlZ1bavCfBPqauA7fsNdwi+AVhRdyk2IzgP3JRnevvjzQ6fKHdUw8YISshf53FmpHrng==",
      "dev": true
    },
    "pathe": {
      "version": "1.1.2",
      "resolved": "https://registry.npmjs.org/pathe/-/pathe-1.1.2.tgz",
      "integrity": "sha512-whLdWMYL2TwI08hn8/ZqAbrVemu0LNaNNJZX73O6qaIdCTfXutsLhMkjdENX0qhsQ9uIimo4/aQOmXkoon2nDQ==",
      "dev": true
    },
    "picomatch": {
      "version": "2.3.1",
      "resolved": "https://registry.npmjs.org/picomatch/-/picomatch-2.3.1.tgz",
      "integrity": "sha512-JU3teHTNjmE2VCGFzuY8EXzCDVwEqB2a8fsIvwaStHhAWJEeVd1o1QD80CU6+ZdEXXSLbSsuLwJjkCBWqRQUVA==",
      "dev": true
    },
    "pinyin": {
      "version": "4.0.0-alpha.2",
      "resolved": "https://registry.npmjs.org/pinyin/-/pinyin-4.0.0-alpha.2.tgz",
      "integrity": "sha512-SED2wWr1X0QwH6rXIDgg20zS1mAk0AVMO8eM3KomUlOYzC8mNMWZnspZWhhI0M8MBIbF2xwa+5r30jTSjAqNsg==",
      "requires": {
        "commander": "~1.1.1"
      }
    },
    "pkg-types": {
      "version": "1.2.0",
      "resolved": "https://registry.npmjs.org/pkg-types/-/pkg-types-1.2.0.tgz",
      "integrity": "sha512-+ifYuSSqOQ8CqP4MbZA5hDpb97n3E8SVWdJe+Wms9kj745lmd3b7EZJiqvmLwAlmRfjrI7Hi5z3kdBJ93lFNPA==",
      "dev": true,
      "requires": {
        "confbox": "^0.1.7",
        "mlly": "^1.7.1",
        "pathe": "^1.1.2"
      }
    },
    "queue-microtask": {
      "version": "1.2.3",
      "resolved": "https://registry.npmjs.org/queue-microtask/-/queue-microtask-1.2.3.tgz",
      "integrity": "sha512-NuaNSa6flKT5JaSYQzJok04JzTL1CA6aGhv5rfLW3PgqA+M2ChpZQnAC8h8i4ZFkBS8X5RqkDBHA7r4hej3K9A==",
      "dev": true
    },
    "reusify": {
      "version": "1.0.4",
      "resolved": "https://registry.npmjs.org/reusify/-/reusify-1.0.4.tgz",
      "integrity": "sha512-U9nH88a3fc/ekCF1l0/UP1IosiuIjyTh7hBvXVMHYgVcfGvt897Xguj2UOLDeI5BG2m7/uwyaLVT6fbtCwTyzw==",
      "dev": true
    },
    "run-parallel": {
      "version": "1.2.0",
      "resolved": "https://registry.npmjs.org/run-parallel/-/run-parallel-1.2.0.tgz",
      "integrity": "sha512-5l4VyZR86LZ/lDxZTR6jqL8AFE2S0IFLMP26AbjsLVADxHdhB/c0GUsH+y39UfCi3dzz8OlQuPmnaJOMoDHQBA==",
      "dev": true,
      "requires": {
        "queue-microtask": "^1.2.2"
      }
    },
    "scss": {
      "version": "0.2.4",
      "resolved": "https://registry.npmjs.org/scss/-/scss-0.2.4.tgz",
      "integrity": "sha512-4u8V87F+Q/upVhUmhPnB4C1R11xojkRkWjExL2v0CX2EXTg18VrKd+9JWoeyCp2VEMdSpJsyAvVU+rVjogh51A==",
      "dev": true,
      "requires": {
        "ometa": "0.2.2"
      }
    },
    "scule": {
      "version": "1.3.0",
      "resolved": "https://registry.npmjs.org/scule/-/scule-1.3.0.tgz",
      "integrity": "sha512-6FtHJEvt+pVMIB9IBY+IcCJ6Z5f1iQnytgyfKMhDKgmzYG+TeH/wx1y3l27rshSbLiSanrR9ffZDrEsmjlQF2g==",
      "dev": true
    },
    "select": {
      "version": "1.1.2",
      "resolved": "https://registry.npmjs.org/select/-/select-1.1.2.tgz",
      "integrity": "sha512-OwpTSOfy6xSs1+pwcNrv0RBMOzI39Lp3qQKUTPVVPRjCdNa5JH/oPRiqsesIskK8TVgmRiHwO4KXlV2Li9dANA=="
    },
    "sm-crypto": {
      "version": "0.3.13",
      "resolved": "https://registry.npmjs.org/sm-crypto/-/sm-crypto-0.3.13.tgz",
      "integrity": "sha512-ztNF+pZq6viCPMA1A6KKu3bgpkmYti5avykRHbcFIdSipFdkVmfUw2CnpM2kBJyppIalqvczLNM3wR8OQ0pT5w==",
      "requires": {
        "jsbn": "^1.1.0"
      }
    },
    "strip-literal": {
      "version": "2.1.0",
      "resolved": "https://registry.npmjs.org/strip-literal/-/strip-literal-2.1.0.tgz",
      "integrity": "sha512-Op+UycaUt/8FbN/Z2TWPBLge3jWrP3xj10f3fnYxf052bKuS3EKs1ZQcVGjnEMdsNVAM+plXRdmjrZ/KgG3Skw==",
      "dev": true,
      "requires": {
        "js-tokens": "^9.0.0"
      }
    },
    "tiny-emitter": {
      "version": "2.1.0",
      "resolved": "https://registry.npmjs.org/tiny-emitter/-/tiny-emitter-2.1.0.tgz",
      "integrity": "sha512-NB6Dk1A9xgQPMoGqC5CVXn123gWyte215ONT5Pp5a0yt4nlEoO1ZWeCwpncaekPHXO60i47ihFnZPiRPjRMq4Q=="
    },
    "to-regex-range": {
      "version": "5.0.1",
      "resolved": "https://registry.npmjs.org/to-regex-range/-/to-regex-range-5.0.1.tgz",
      "integrity": "sha512-65P7iz6X5yEr1cwcgvQxbbIw7Uk3gOy5dIdtZ4rDveLqhrdJP+Li/Hx6tyK0NEb+2GCyneCMJiGqrADCSNk8sQ==",
      "dev": true,
      "requires": {
        "is-number": "^7.0.0"
      }
    },
    "ufo": {
      "version": "1.5.4",
      "resolved": "https://registry.npmjs.org/ufo/-/ufo-1.5.4.tgz",
      "integrity": "sha512-UsUk3byDzKd04EyoZ7U4DOlxQaD14JUKQl6/P7wiX4FNvUfm3XL246n9W5AmqwW5RSFJ27NAuM0iLscAOYUiGQ==",
      "dev": true
    },
    "unimport": {
      "version": "3.12.0",
      "resolved": "https://registry.npmjs.org/unimport/-/unimport-3.12.0.tgz",
      "integrity": "sha512-5y8dSvNvyevsnw4TBQkIQR1Rjdbb+XjVSwQwxltpnVZrStBvvPkMPcZrh1kg5kY77kpx6+D4Ztd3W6FOBH/y2Q==",
      "dev": true,
      "requires": {
        "@rollup/pluginutils": "^5.1.0",
        "acorn": "^8.12.1",
        "escape-string-regexp": "^5.0.0",
        "estree-walker": "^3.0.3",
        "fast-glob": "^3.3.2",
        "local-pkg": "^0.5.0",
        "magic-string": "^0.30.11",
        "mlly": "^1.7.1",
        "pathe": "^1.1.2",
        "pkg-types": "^1.2.0",
        "scule": "^1.3.0",
        "strip-literal": "^2.1.0",
        "unplugin": "^1.14.1"
      },
      "dependencies": {
        "estree-walker": {
          "version": "3.0.3",
          "resolved": "https://registry.npmjs.org/estree-walker/-/estree-walker-3.0.3.tgz",
          "integrity": "sha512-7RUKfXgSMMkzt6ZuXmqapOurLGPPfgj6l9uRZ7lRGolvk0y2yocc35LdcxKC5PQZdn2DMqioAQ2NoWcrTKmm6g==",
          "dev": true,
          "requires": {
            "@types/estree": "^1.0.0"
          }
        }
      }
    },
    "unplugin": {
      "version": "1.14.1",
      "resolved": "https://registry.npmjs.org/unplugin/-/unplugin-1.14.1.tgz",
      "integrity": "sha512-lBlHbfSFPToDYp9pjXlUEFVxYLaue9f9T1HC+4OHlmj+HnMDdz9oZY+erXfoCe/5V/7gKUSY2jpXPb9S7f0f/w==",
      "dev": true,
      "requires": {
        "acorn": "^8.12.1",
        "webpack-virtual-modules": "^0.6.2"
      }
    },
    "unplugin-auto-import": {
      "version": "0.18.3",
      "resolved": "https://registry.npmjs.org/unplugin-auto-import/-/unplugin-auto-import-0.18.3.tgz",
      "integrity": "sha512-q3FUtGQjYA2e+kb1WumyiQMjHM27MrTQ05QfVwtLRVhyYe+KF6TblBYaEX9L6Z0EibsqaXAiW+RFfkcQpfaXzg==",
      "dev": true,
      "requires": {
        "@antfu/utils": "^0.7.10",
        "@rollup/pluginutils": "^5.1.0",
        "fast-glob": "^3.3.2",
        "local-pkg": "^0.5.0",
        "magic-string": "^0.30.11",
        "minimatch": "^9.0.5",
        "unimport": "^3.12.0",
        "unplugin": "^1.14.1"
      }
    },
    "uview-plus": {
      "version": "3.3.33",
      "resolved": "https://registry.npmjs.org/uview-plus/-/uview-plus-3.3.33.tgz",
      "integrity": "sha512-NdWfi3L2qqH95hj7VG0ViGxXa+HOFGIND0meM3AaTqNL5GtOxeCXkEKJNQ+f175oEjrBozVLprMmK6fgLA8svg==",
      "requires": {
        "clipboard": "^2.0.11",
        "dayjs": "^1.11.3"
      },
      "dependencies": {
        "dayjs": {
          "version": "1.11.13",
          "resolved": "https://registry.npmjs.org/dayjs/-/dayjs-1.11.13.tgz",
          "integrity": "sha512-oaMBel6gjolK862uaPQOVTA7q3TZhuSvuMQAAglQDOWYO9A91IrAOUJEyKVlqJlHE0vq5p5UXxzdPfMH/x6xNg=="
        }
      }
    },
    "uview-ui": {
      "version": "2.0.37",
      "resolved": "https://registry.npmjs.org/uview-ui/-/uview-ui-2.0.37.tgz",
      "integrity": "sha512-iBcWNmQa01Wr+z004G6XIVPDctOrJIAx7LObQceUAPxZh6kJYjIOAMp5JE1K4VpoMV5bKYDpCd0gmX+M4nTEQQ=="
    },
    "vant": {
      "version": "4.9.6",
      "resolved": "https://registry.npmjs.org/vant/-/vant-4.9.6.tgz",
      "integrity": "sha512-lT0Q6hlYkZQngFWaQSxUIy8AK5bL0IlLiEtyNhMgwDwFpb3JV9DV03GWpUIQM45APm5SCC81xnPIjlrqP/64QA==",
      "requires": {
        "@vant/popperjs": "^1.3.0",
        "@vant/use": "^1.6.0",
        "@vue/shared": "^3.5.5"
      }
    },
    "webpack-virtual-modules": {
      "version": "0.6.2",
      "resolved": "https://registry.npmjs.org/webpack-virtual-modules/-/webpack-virtual-modules-0.6.2.tgz",
      "integrity": "sha512-66/V2i5hQanC51vBQKPH4aI8NMAcBW59FVBs+rC7eGHupMyfn34q7rZIE+ETlJ+XTevqfUhVVBgSUNSW2flEUQ==",
      "dev": true
    }
  }
}
