# THIS IS AN AUTOGENERATED FILE. DO NOT EDIT THIS FILE DIRECTLY.
# yarn lockfile v1


dayjs@^1.11.11:
  version "1.11.11"
  resolved "https://registry.npmjs.org/dayjs/-/dayjs-1.11.11.tgz#dfe0e9d54c5f8b68ccf8ca5f72ac603e7e5ed59e"
  integrity sha512-okzr3f11N6WuqYtZSvm+F776mB41wRZMhKP+hc34YdW+KmtYYK9iqvHSwo2k9FEH3fhGXvOPV6yz2IcSrfRUDg==

js-md5@^0.8.3:
  version "0.8.3"
  resolved "https://registry.npmjs.org/js-md5/-/js-md5-0.8.3.tgz#921bab7efa95bfc9d62b87ee08a57f8fe4305b69"
  integrity sha512-qR0HB5uP6wCuRMrWPTrkMaev7MJZwJuuw4fnwAzRgP4J4/F8RwtodOKpGp4XpqsLBFzzgqIO42efFAyz2Et6KQ==

jsbn@^1.1.0:
  version "1.1.0"
  resolved "https://registry.npmjs.org/jsbn/-/jsbn-1.1.0.tgz#b01307cb29b618a1ed26ec79e911f803c4da0040"
  integrity sha512-4bYVV3aAMtDTTu4+xsDYa6sy9GyJ69/amsu9sYF2zqjiEoZA5xJi3BrfX3uY+/IekIu7MwdObdbDWpoZdBv3/A==

sm-crypto@^0.3.13:
  version "0.3.13"
  resolved "https://registry.npmjs.org/sm-crypto/-/sm-crypto-0.3.13.tgz#9615d67f9f2280970c353122e5901ae87d64899a"
  integrity sha512-ztNF+pZq6viCPMA1A6KKu3bgpkmYti5avykRHbcFIdSipFdkVmfUw2CnpM2kBJyppIalqvczLNM3wR8OQ0pT5w==
  dependencies:
    jsbn "^1.1.0"
